{
  "name": "@ulrikstrid/apollo-server-azure-functions",
  "version": "1.0.0",
  "lockfileVersion": 1,
  "requires": true,
  "dependencies": {
    "@types/graphql": {
      "version": "0.10.2",
      "resolved": "https://registry.npmjs.org/@types/graphql/-/graphql-0.10.2.tgz",
      "integrity": "sha512-Ayw0w+kr8vYd8DToiMXjcHxXv1ljWbqX2mnLwXDxkBgog3vywGriC0JZ+npsuohKs3+E88M8OOtobo4g0X3SIA==",
      "dev": true
    },
    "@types/node": {
      "version": "8.0.20",
      "resolved": "https://registry.npmjs.org/@types/node/-/node-8.0.20.tgz",
      "integrity": "sha512-MnB7YEpmLUyEWRVRhKpRs4swwqITnY8BcVFPoTuCl99SCplI/lLUiU5vcJ/OANDqwkpdIg0pDEM38K22KQT2RA==",
      "dev": true
    },
    "apollo-server-core": {
      "version": "1.1.0",
      "resolved": "https://registry.npmjs.org/apollo-server-core/-/apollo-server-core-1.1.0.tgz",
      "integrity": "sha1-dMO/Q5ThTq56tgsdmZo8W4qpTpo=",
      "requires": {
        "apollo-tracing": "0.0.7"
      }
    },
    "apollo-server-module-graphiql": {
      "version": "1.1.0",
      "resolved": "https://registry.npmjs.org/apollo-server-module-graphiql/-/apollo-server-module-graphiql-1.1.0.tgz",
      "integrity": "sha1-8QMz5QZZ1h3Eji7Wr6xvMTsfQYs="
    },
    "apollo-tracing": {
      "version": "0.0.7",
      "resolved": "https://registry.npmjs.org/apollo-tracing/-/apollo-tracing-0.0.7.tgz",
      "integrity": "sha512-jvjNmOOb3M2QiBEuz9Vjp6HiXtZuDwRvHxqBZQ+TE0UoODRnJoQu5LF1uvPI2ooOHiPC1ce4SAKNNIU9y02EeA==",
      "requires": {
        "graphql-tools": "1.1.0"
      }
    },
    "azure-functions-typescript": {
      "version": "github:christopheranderson/azure-functions-typescript#ee61ac9c0a02bf6d993c60e47dc824310b2221cb"
    },
    "deprecated-decorator": {
      "version": "0.1.6",
      "resolved": "https://registry.npmjs.org/deprecated-decorator/-/deprecated-decorator-0.1.6.tgz",
      "integrity": "sha1-AJZjF7ehL+kvPMgx91g68ym4bDc="
    },
    "graphql": {
      "version": "0.10.5",
      "resolved": "https://registry.npmjs.org/graphql/-/graphql-0.10.5.tgz",
      "integrity": "sha512-Q7cx22DiLhwHsEfUnUip1Ww/Vfx7FS0w6+iHItNuN61+XpegHSa3k5U0+6M5BcpavQImBwFiy0z3uYwY7cXMLQ==",
      "requires": {
        "iterall": "1.1.1"
      }
    },
    "graphql-tools": {
      "version": "1.1.0",
      "resolved": "https://registry.npmjs.org/graphql-tools/-/graphql-tools-1.1.0.tgz",
      "integrity": "sha1-jYbqaZew3qMIm2LcZV5HFGpmPrs=",
      "requires": {
        "@types/graphql": "0.9.4",
        "deprecated-decorator": "0.1.6",
        "lodash": "4.17.4",
        "uuid": "3.1.0"
      },
      "dependencies": {
        "@types/graphql": {
          "version": "0.9.4",
          "resolved": "https://registry.npmjs.org/@types/graphql/-/graphql-0.9.4.tgz",
          "integrity": "sha512-ob2dps4itT/Le5DbxjssBXtBnloDIRUbkgtAvaB42mJ8pVIWMRuURD9WjnhaEGZ4Ql/EryXMQWeU8Y0EU73QLw==",
          "optional": true
        }
      }
    },
    "iterall": {
      "version": "1.1.1",
      "resolved": "https://registry.npmjs.org/iterall/-/iterall-1.1.1.tgz",
      "integrity": "sha1-9/CvEemgTsZCYmD1AZ2fzKTVAhQ="
    },
    "lodash": {
      "version": "4.17.4",
      "resolved": "https://registry.npmjs.org/lodash/-/lodash-4.17.4.tgz",
      "integrity": "sha1-eCA6TRwyiuHYbcpkYONptX9AVa4="
    },
    "typescript": {
      "version": "2.4.2",
      "resolved": "https://registry.npmjs.org/typescript/-/typescript-2.4.2.tgz",
      "integrity": "sha1-+DlfhdRZJ2BnyYiqQYN6j4KHCEQ=",
      "dev": true
    },
    "uuid": {
      "version": "3.1.0",
      "resolved": "https://registry.npmjs.org/uuid/-/uuid-3.1.0.tgz",
      "integrity": "sha512-DIWtzUkw04M4k3bf1IcpS2tngXEL26YUD2M0tMDUpnUrz2hgzUBlD55a4FjdLGPvfHxS6uluGWvaVEqgBcVa+g=="
    }
  }
}
